// !$*UTF8*$!
{
	archiveVersion = 1;
	classes = {
	};
	objectVersion = 77;
	objects = {

/* Begin PBXContainerItemProxy section */
		16CB08632FF55D6700DEE023 /* PBXContainerItemProxy */ = {
			isa = PBXContainerItemProxy;
			containerPortal = 16CB084B2FF55D6500DEE023 /* Project object */;
			proxyType = 1;
			remoteGlobalIDString = 16CB08522FF55D6500DEE023;
			remoteInfo = MrHyakuninIsshu;
		};
		16CB086D2FF55D6700DEE023 /* PBXContainerItemProxy */ = {
			isa = PBXContainerItemProxy;
			containerPortal = 16CB084B2FF55D6500DEE023 /* Project object */;
			proxyType = 1;
			remoteGlobalIDString = 16CB08522FF55D6500DEE023;
			remoteInfo = MrHyakuninIsshu;
		};
/* End PBXContainerItemProxy section */

/* Begin PBXFileReference section */
		16CB08532FF55D6500DEE023 /* MrHyakuninIsshu.app */ = {isa = PBXFileReference; explicitFileType = wrapper.application; includeInIndex = 0; path = MrHyakuninIsshu.app; sourceTree = BUILT_PRODUCTS_DIR; };
		16CB08622FF55D6700DEE023 /* MrHyakuninIsshuTests.xctest */ = {isa = PBXFileReference; explicitFileType = wrapper.cfbundle; includeInIndex = 0; path = MrHyakuninIsshuTests.xctest; sourceTree = BUILT_PRODUCTS_DIR; };
		16CB086C2FF55D6700DEE023 /* MrHyakuninIsshuUITests.xctest */ = {isa = PBXFileReference; explicitFileType = wrapper.cfbundle; includeInIndex = 0; path = MrHyakuninIsshuUITests.xctest; sourceTree = BUILT_PRODUCTS_DIR; };
/* End PBXFileReference section */

/* Begin PBXFileSystemSynchronizedRootGroup section */
		16CB08552FF55D6500DEE023 /* MrHyakuninIsshu */ = {
			isa = PBXFileSystemSynchronizedRootGroup;
			path = MrHyakuninIsshu;
			sourceTree = "<group>";
		};
		16CB08652FF55D6700DEE023 /* MrHyakuninIsshuTests */ = {
			isa = PBXFileSystemSynchronizedRootGroup;
			path = MrHyakuninIsshuTests;
			sourceTree = "<group>";
		};
		16CB086F2FF55D6700DEE023 /* MrHyakuninIsshuUITests */ = {
			isa = PBXFileSystemSynchronizedRootGroup;
			path = MrHyakuninIsshuUITests;
			sourceTree = "<group>";
		};
/* End PBXFileSystemSynchronizedRootGroup section */

/* Begin PBXFrameworksBuildPhase section */
		16CB08502FF55D6500DEE023 /* Frameworks */ = {
			isa = PBXFrameworksBuildPhase;
			buildActionMask = 2147483647;
			files = (
			);
			runOnlyForDeploymentPostprocessing = 0;
		};
		16CB085F2FF55D6700DEE023 /* Frameworks */ = {
			isa = PBXFrameworksBuildPhase;
			buildActionMask = 2147483647;
			files = (
			);
			runOnlyForDeploymentPostprocessing = 0;
		};
		16CB08692FF55D6700DEE023 /* Frameworks */ = {
			isa = PBXFrameworksBuildPhase;
			buildActionMask = 2147483647;
			files = (
			);
			runOnlyForDeploymentPostprocessing = 0;
		};
/* End PBXFrameworksBuildPhase section */

/* Begin PBXGroup section */
		16CB084A2FF55D6500DEE023 = {
			isa = PBXGroup;
			children = (
				16CB08552FF55D6500DEE023 /* MrHyakuninIsshu */,
				16CB08652FF55D6700DEE023 /* MrHyakuninIsshuTests */,
				16CB086F2FF55D6700DEE023 /* MrHyakuninIsshuUITests */,
				16CB08542FF55D6500DEE023 /* Products */,
			);
			sourceTree = "<group>";
		};
		16CB08542FF55D6500DEE023 /* Products */ = {
			isa = PBXGroup;
			children = (
				16CB08532FF55D6500DEE023 /* MrHyakuninIsshu.app */,
				16CB08622FF55D6700DEE023 /* MrHyakuninIsshuTests.xctest */,
				16CB086C2FF55D6700DEE023 /* MrHyakuninIsshuUITests.xctest */,
			);
			name = Products;
			sourceTree = "<group>";
		};
/* End PBXGroup section */

/* Begin PBXNativeTarget section */
		16CB08522FF55D6500DEE023 /* MrHyakuninIsshu */ = {
			isa = PBXNativeTarget;
			buildConfigurationList = 16CB08762FF55D6700DEE023 /* Build configuration list for PBXNativeTarget "MrHyakuninIsshu" */;
			buildPhases = (
				16CB084F2FF55D6500DEE023 /* Sources */,
				16CB08502FF55D6500DEE023 /* Frameworks */,
				16CB08512FF55D6500DEE023 /* Resources */,
			);
			buildRules = (
			);
			dependencies = (
			);
			fileSystemSynchronizedGroups = (
				16CB08552FF55D6500DEE023 /* MrHyakuninIsshu */,
			);
			name = MrHyakuninIsshu;
			packageProductDependencies = (
			);
			productName = MrHyakuninIsshu;
			productReference = 16CB08532FF55D6500DEE023 /* MrHyakuninIsshu.app */;
			productType = "com.apple.product-type.application";
		};
		16CB08612FF55D6700DEE023 /* MrHyakuninIsshuTests */ = {
			isa = PBXNativeTarget;
			buildConfigurationList = 16CB08792FF55D6700DEE023 /* Build configuration list for PBXNativeTarget "MrHyakuninIsshuTests" */;
			buildPhases = (
				16CB085E2FF55D6700DEE023 /* Sources */,
				16CB085F2FF55D6700DEE023 /* Frameworks */,
				16CB08602FF55D6700DEE023 /* Resources */,
			);
			buildRules = (
			);
			dependencies = (
				16CB08642FF55D6700DEE023 /* PBXTargetDependency */,
			);
			fileSystemSynchronizedGroups = (
				16CB08652FF55D6700DEE023 /* MrHyakuninIsshuTests */,
			);
			name = MrHyakuninIsshuTests;
			packageProductDependencies = (
			);
			productName = MrHyakuninIsshuTests;
			productReference = 16CB08622FF55D6700DEE023 /* MrHyakuninIsshuTests.xctest */;
			productType = "com.apple.product-type.bundle.unit-test";
		};
		16CB086B2FF55D6700DEE023 /* MrHyakuninIsshuUITests */ = {
			isa = PBXNativeTarget;
			buildConfigurationList = 16CB087C2FF55D6700DEE023 /* Build configuration list for PBXNativeTarget "MrHyakuninIsshuUITests" */;
			buildPhases = (
				16CB08682FF55D6700DEE023 /* Sources */,
				16CB08692FF55D6700DEE023 /* Frameworks */,
				16CB086A2FF55D6700DEE023 /* Resources */,
			);
			buildRules = (
			);
			dependencies = (
				16CB086E2FF55D6700DEE023 /* PBXTargetDependency */,
			);
			fileSystemSynchronizedGroups = (
				16CB086F2FF55D6700DEE023 /* MrHyakuninIsshuUITests */,
			);
			name = MrHyakuninIsshuUITests;
			packageProductDependencies = (
			);
			productName = MrHyakuninIsshuUITests;
			productReference = 16CB086C2FF55D6700DEE023 /* MrHyakuninIsshuUITests.xctest */;
			productType = "com.apple.product-type.bundle.ui-testing";
		};
/* End PBXNativeTarget section */

/* Begin PBXProject section */
		16CB084B2FF55D6500DEE023 /* Project object */ = {
			isa = PBXProject;
			attributes = {
				BuildIndependentTargetsInParallel = 1;
				LastSwiftUpdateCheck = 2660;
				LastUpgradeCheck = 2660;
				TargetAttributes = {
					16CB08522FF55D6500DEE023 = {
						CreatedOnToolsVersion = 26.6;
					};
					16CB08612FF55D6700DEE023 = {
						CreatedOnToolsVersion = 26.6;
						TestTargetID = 16CB08522FF55D6500DEE023;
					};
					16CB086B2FF55D6700DEE023 = {
						CreatedOnToolsVersion = 26.6;
						TestTargetID = 16CB08522FF55D6500DEE023;
					};
				};
			};
			buildConfigurationList = 16CB084E2FF55D6500DEE023 /* Build configuration list for PBXProject "MrHyakuninIsshu" */;
			developmentRegion = en;
			hasScannedForEncodings = 0;
			knownRegions = (
				en,
				Base,
			);
			mainGroup = 16CB084A2FF55D6500DEE023;
			minimizedProjectReferenceProxies = 1;
			preferredProjectObjectVersion = 77;
			productRefGroup = 16CB08542FF55D6500DEE023 /* Products */;
			projectDirPath = "";
			projectRoot = "";
			targets = (
				16CB08522FF55D6500DEE023 /* MrHyakuninIsshu */,
				16CB08612FF55D6700DEE023 /* MrHyakuninIsshuTests */,
				16CB086B2FF55D6700DEE023 /* MrHyakuninIsshuUITests */,
			);
		};
/* End PBXProject section */

/* Begin PBXResourcesBuildPhase section */
		16CB08512FF55D6500DEE023 /* Resources */ = {
			isa = PBXResourcesBuildPhase;
			buildActionMask = 2147483647;
			files = (
			);
			runOnlyForDeploymentPostprocessing = 0;
		};
		16CB08602FF55D6700DEE023 /* Resources */ = {
			isa = PBXResourcesBuildPhase;
			buildActionMask = 2147483647;
			files = (
			);
			runOnlyForDeploymentPostprocessing = 0;
		};
		16CB086A2FF55D6700DEE023 /* Resources */ = {
			isa = PBXResourcesBuildPhase;
			buildActionMask = 2147483647;
			files = (
			);
			runOnlyForDeploymentPostprocessing = 0;
		};
/* End PBXResourcesBuildPhase section */

/* Begin PBXSourcesBuildPhase section */
		16CB084F2FF55D6500DEE023 /* Sources */ = {
			isa = PBXSourcesBuildPhase;
			buildActionMask = 2147483647;
			files = (
			);
			runOnlyForDeploymentPostprocessing = 0;
		};
		16CB085E2FF55D6700DEE023 /* Sources */ = {
			isa = PBXSourcesBuildPhase;
			buildActionMask = 2147483647;
			files = (
			);
			runOnlyForDeploymentPostprocessing = 0;
		};
		16CB08682FF55D6700DEE023 /* Sources */ = {
			isa = PBXSourcesBuildPhase;
			buildActionMask = 2147483647;
			files = (
			);
			runOnlyForDeploymentPostprocessing = 0;
		};
/* End PBXSourcesBuildPhase section */

/* Begin PBXTargetDependency section */
		16CB08642FF55D6700DEE023 /* PBXTargetDependency */ = {
			isa = PBXTargetDependency;
			target = 16CB08522FF55D6500DEE023 /* MrHyakuninIsshu */;
			targetProxy = 16CB08632FF55D6700DEE023 /* PBXContainerItemProxy */;
		};
		16CB086E2FF55D6700DEE023 /* PBXTargetDependency */ = {
			isa = PBXTargetDependency;
			target = 16CB08522FF55D6500DEE023 /* MrHyakuninIsshu */;
			targetProxy = 16CB086D2FF55D6700DEE023 /* PBXContainerItemProxy */;
		};
/* End PBXTargetDependency section */

/* Begin XCBuildConfiguration section */
		16CB08742FF55D6700DEE023 /* Debug */ = {
			isa = XCBuildConfiguration;
			buildSettings = {
				ALWAYS_SEARCH_USER_PATHS = NO;
				ASSETCATALOG_COMPILER_GENERATE_SWIFT_ASSET_SYMBOL_EXTENSIONS = YES;
				CLANG_ANALYZER_NONNULL = YES;
				CLANG_ANALYZER_NUMBER_OBJECT_CONVERSION = YES_AGGRESSIVE;
				CLANG_CXX_LANGUAGE_STANDARD = "gnu++20";
				CLANG_ENABLE_MODULES = YES;
				CLANG_ENABLE_OBJC_ARC = YES;
				CLANG_ENABLE_OBJC_WEAK = YES;
				CLANG_WARN_BLOCK_CAPTURE_AUTORELEASING = YES;
				CLANG_WARN_BOOL_CONVERSION = YES;
				CLANG_WARN_COMMA = YES;
				CLANG_WARN_CONSTANT_CONVERSION = YES;
				CLANG_WARN_DEPRECATED_OBJC_IMPLEMENTATIONS = YES;
				CLANG_WARN_DIRECT_OBJC_ISA_USAGE = YES_ERROR;
				CLANG_WARN_DOCUMENTATION_COMMENTS = YES;
				CLANG_WARN_EMPTY_BODY = YES;
				CLANG_WARN_ENUM_CONVERSION = YES;
				CLANG_WARN_INFINITE_RECURSION = YES;
				CLANG_WARN_INT_CONVERSION = YES;
				CLANG_WARN_NON_LITERAL_NULL_CONVERSION = YES;
				CLANG_WARN_OBJC_IMPLICIT_RETAIN_SELF = YES;
				CLANG_WARN_OBJC_LITERAL_CONVERSION = YES;
				CLANG_WARN_OBJC_ROOT_CLASS = YES_ERROR;
				CLANG_WARN_QUOTED_INCLUDE_IN_FRAMEWORK_HEADER = YES;
				CLANG_WARN_RANGE_LOOP_ANALYSIS = YES;
				CLANG_WARN_STRICT_PROTOTYPES = YES;
				CLANG_WARN_SUSPICIOUS_MOVE = YES;
				CLANG_WARN_UNGUARDED_AVAILABILITY = YES_AGGRESSIVE;
				CLANG_WARN_UNREACHABLE_CODE = YES;
				CLANG_WARN__DUPLICATE_METHOD_MATCH = YES;
				COPY_PHASE_STRIP = NO;
				DEBUG_INFORMATION_FORMAT = dwarf;
				DEVELOPMENT_TEAM = 6HQ5DETMCS;
				ENABLE_STRICT_OBJC_MSGSEND = YES;
				ENABLE_TESTABILITY = YES;
				ENABLE_USER_SCRIPT_SANDBOXING = YES;
				GCC_C_LANGUAGE_STANDARD = gnu17;
				GCC_DYNAMIC_NO_PIC = NO;
				GCC_NO_COMMON_BLOCKS = YES;
				GCC_OPTIMIZATION_LEVEL = 0;
				GCC_PREPROCESSOR_DEFINITIONS = (
					"DEBUG=1",
					"$(inherited)",
				);
				GCC_WARN_64_TO_32_BIT_CONVERSION = YES;
				GCC_WARN_ABOUT_RETURN_TYPE = YES_ERROR;
				GCC_WARN_UNDECLARED_SELECTOR = YES;
				GCC_WARN_UNINITIALIZED_AUTOS = YES_AGGRESSIVE;
				GCC_WARN_UNUSED_FUNCTION = YES;
				GCC_WARN_UNUSED_VARIABLE = YES;
				IPHONEOS_DEPLOYMENT_TARGET = 17.7;
				LOCALIZATION_PREFERS_STRING_CATALOGS = YES;
				MTL_ENABLE_DEBUG_INFO = INCLUDE_SOURCE;
				MTL_FAST_MATH = YES;
				ONLY_ACTIVE_ARCH = YES;
				SDKROOT = iphoneos;
				SWIFT_ACTIVE_COMPILATION_CONDITIONS = "DEBUG $(inherited)";
				SWIFT_OPTIMIZATION_LEVEL = "-Onone";
			};
			name = Debug;
		};
		16CB08752FF55D6700DEE023 /* Release */ = {
			isa = XCBuildConfiguration;
			buildSettings = {
				ALWAYS_SEARCH_USER_PATHS = NO;
				ASSETCATALOG_COMPILER_GENERATE_SWIFT_ASSET_SYMBOL_EXTENSIONS = YES;
				CLANG_ANALYZER_NONNULL = YES;
				CLANG_ANALYZER_NUMBER_OBJECT_CONVERSION = YES_AGGRESSIVE;
				CLANG_CXX_LANGUAGE_STANDARD = "gnu++20";
				CLANG_ENABLE_MODULES = YES;
				CLANG_ENABLE_OBJC_ARC = YES;
				CLANG_ENABLE_OBJC_WEAK = YES;
				CLANG_WARN_BLOCK_CAPTURE_AUTORELEASING = YES;
				CLANG_WARN_BOOL_CONVERSION = YES;
				CLANG_WARN_COMMA = YES;
				CLANG_WARN_CONSTANT_CONVERSION = YES;
				CLANG_WARN_DEPRECATED_OBJC_IMPLEMENTATIONS = YES;
				CLANG_WARN_DIRECT_OBJC_ISA_USAGE = YES_ERROR;
				CLANG_WARN_DOCUMENTATION_COMMENTS = YES;
				CLANG_WARN_EMPTY_BODY = YES;
				CLANG_WARN_ENUM_CONVERSION = YES;
				CLANG_WARN_INFINITE_RECURSION = YES;
				CLANG_WARN_INT_CONVERSION = YES;
				CLANG_WARN_NON_LITERAL_NULL_CONVERSION = YES;
				CLANG_WARN_OBJC_IMPLICIT_RETAIN_SELF = YES;
				CLANG_WARN_OBJC_LITERAL_CONVERSION = YES;
				CLANG_WARN_OBJC_ROOT_CLASS = YES_ERROR;
				CLANG_WARN_QUOTED_INCLUDE_IN_FRAMEWORK_HEADER = YES;
				CLANG_WARN_RANGE_LOOP_ANALYSIS = YES;
				CLANG_WARN_STRICT_PROTOTYPES = YES;
				CLANG_WARN_SUSPICIOUS_MOVE = YES;
				CLANG_WARN_UNGUARDED_AVAILABILITY = YES_AGGRESSIVE;
				CLANG_WARN_UNREACHABLE_CODE = YES;
				CLANG_WARN__DUPLICATE_METHOD_MATCH = YES;
				COPY_PHASE_STRIP = NO;
				DEBUG_INFORMATION_FORMAT = "dwarf-with-dsym";
				DEVELOPMENT_TEAM = 6HQ5DETMCS;
				ENABLE_NS_ASSERTIONS = NO;
				ENABLE_STRICT_OBJC_MSGSEND = YES;
				ENABLE_USER_SCRIPT_SANDBOXING = YES;
				GCC_C_LANGUAGE_STANDARD = gnu17;
				GCC_NO_COMMON_BLOCKS = YES;
				GCC_WARN_64_TO_32_BIT_CONVERSION = YES;
				GCC_WARN_ABOUT_RETURN_TYPE = YES_ERROR;
				GCC_WARN_UNDECLARED_SELECTOR = YES;
				GCC_WARN_UNINITIALIZED_AUTOS = YES_AGGRESSIVE;
				GCC_WARN_UNUSED_FUNCTION = YES;
				GCC_WARN_UNUSED_VARIABLE = YES;
				IPHONEOS_DEPLOYMENT_TARGET = 17.7;
				LOCALIZATION_PREFERS_STRING_CATALOGS = YES;
				MTL_ENABLE_DEBUG_INFO = NO;
				MTL_FAST_MATH = YES;
				SDKROOT = iphoneos;
				SWIFT_COMPILATION_MODE = wholemodule;
				VALIDATE_PRODUCT = YES;
			};
			name = Release;
		};
		16CB08772FF55D6700DEE023 /* Debug */ = {
			isa = XCBuildConfiguration;
			buildSettings = {
				ASSETCATALOG_COMPILER_APPICON_NAME = HyakuninIsshuIcon;
				ASSETCATALOG_COMPILER_GLOBAL_ACCENT_COLOR_NAME = AccentColor;
				CODE_SIGN_STYLE = Automatic;
				CURRENT_PROJECT_VERSION = 1;
				DEVELOPMENT_TEAM = 6HQ5DETMCS;
				ENABLE_PREVIEWS = YES;
				GENERATE_INFOPLIST_FILE = YES;
				INFOPLIST_KEY_CFBundleDisplayName = "ミスター百人一首";
				INFOPLIST_KEY_NSMicrophoneUsageDescription = "カードの読み上げを録音するためにマイクを使用します。";
				INFOPLIST_KEY_UIApplicationSceneManifest_Generation = YES;
				INFOPLIST_KEY_UIApplicationSupportsIndirectInputEvents = YES;
				INFOPLIST_KEY_UILaunchScreen_Generation = YES;
				INFOPLIST_KEY_UISupportedInterfaceOrientations_iPad = "UIInterfaceOrientationPortrait UIInterfaceOrientationPortraitUpsideDown UIInterfaceOrientationLandscapeLeft UIInterfaceOrientationLandscapeRight";
				INFOPLIST_KEY_UISupportedInterfaceOrientations_iPhone = "UIInterfaceOrientationPortrait UIInterfaceOrientationLandscapeLeft UIInterfaceOrientationLandscapeRight";
				IPHONEOS_DEPLOYMENT_TARGET = 17.7;
				LD_RUNPATH_SEARCH_PATHS = (
					"$(inherited)",
					"@executable_path/Frameworks",
				);
				MARKETING_VERSION = 1.0;
				PRODUCT_BUNDLE_IDENTIFIER = com.3toshu.MrHyakuninIsshu;
				PRODUCT_NAME = "$(TARGET_NAME)";
				STRING_CATALOG_GENERATE_SYMBOLS = YES;
				SWIFT_APPROACHABLE_CONCURRENCY = YES;
				SWIFT_DEFAULT_ACTOR_ISOLATION = MainActor;
				SWIFT_EMIT_LOC_STRINGS = YES;
				SWIFT_UPCOMING_FEATURE_MEMBER_IMPORT_VISIBILITY = YES;
				SWIFT_VERSION = 5.0;
				TARGETED_DEVICE_FAMILY = "1,2";
			};
			name = Debug;
		};
		16CB08782FF55D6700DEE023 /* Release */ = {
			isa = XCBuildConfiguration;
			buildSettings = {
				ASSETCATALOG_COMPILER_APPICON_NAME = HyakuninIsshuIcon;
				ASSETCATALOG_COMPILER_GLOBAL_ACCENT_COLOR_NAME = AccentColor;
				CODE_SIGN_STYLE = Automatic;
				CURRENT_PROJECT_VERSION = 1;
				DEVELOPMENT_TEAM = 6HQ5DETMCS;
				ENABLE_PREVIEWS = YES;
				GENERATE_INFOPLIST_FILE = YES;
				INFOPLIST_KEY_CFBundleDisplayName = "ミスター百人一首";
				INFOPLIST_KEY_NSMicrophoneUsageDescription = "カードの読み上げを録音するためにマイクを使用します。";
				INFOPLIST_KEY_UIApplicationSceneManifest_Generation = YES;
				INFOPLIST_KEY_UIApplicationSupportsIndirectInputEvents = YES;
				INFOPLIST_KEY_UILaunchScreen_Generation = YES;
				INFOPLIST_KEY_UISupportedInterfaceOrientations_iPad = "UIInterfaceOrientationPortrait UIInterfaceOrientationPortraitUpsideDown UIInterfaceOrientationLandscapeLeft UIInterfaceOrientationLandscapeRight";
				INFOPLIST_KEY_UISupportedInterfaceOrientations_iPhone = "UIInterfaceOrientationPortrait UIInterfaceOrientationLandscapeLeft UIInterfaceOrientationLandscapeRight";
				IPHONEOS_DEPLOYMENT_TARGET = 17.7;
				LD_RUNPATH_SEARCH_PATHS = (
					"$(inherited)",
					"@executable_path/Frameworks",
				);
				MARKETING_VERSION = 1.0;
				PRODUCT_BUNDLE_IDENTIFIER = com.3toshu.MrHyakuninIsshu;
				PRODUCT_NAME = "$(TARGET_NAME)";
				STRING_CATALOG_GENERATE_SYMBOLS = YES;
				SWIFT_APPROACHABLE_CONCURRENCY = YES;
				SWIFT_DEFAULT_ACTOR_ISOLATION = MainActor;
				SWIFT_EMIT_LOC_STRINGS = YES;
				SWIFT_UPCOMING_FEATURE_MEMBER_IMPORT_VISIBILITY = YES;
				SWIFT_VERSION = 5.0;
				TARGETED_DEVICE_FAMILY = "1,2";
			};
			name = Release;
		};
		16CB087A2FF55D6700DEE023 /* Debug */ = {
			isa = XCBuildConfiguration;
			buildSettings = {
				BUNDLE_LOADER = "$(TEST_HOST)";
				CODE_SIGN_STYLE = Automatic;
				CURRENT_PROJECT_VERSION = 1;
				DEVELOPMENT_TEAM = 6HQ5DETMCS;
				GENERATE_INFOPLIST_FILE = YES;
				IPHONEOS_DEPLOYMENT_TARGET = 17.7;
				MARKETING_VERSION = 1.0;
				PRODUCT_BUNDLE_IDENTIFIER = com.3toshu.MrHyakuninIsshuTests;
				PRODUCT_NAME = "$(TARGET_NAME)";
				STRING_CATALOG_GENERATE_SYMBOLS = NO;
				SWIFT_APPROACHABLE_CONCURRENCY = YES;
				SWIFT_EMIT_LOC_STRINGS = NO;
				SWIFT_UPCOMING_FEATURE_MEMBER_IMPORT_VISIBILITY = YES;
				SWIFT_VERSION = 5.0;
				TARGETED_DEVICE_FAMILY = "1,2";
				TEST_HOST = "$(BUILT_PRODUCTS_DIR)/MrHyakuninIsshu.app/$(BUNDLE_EXECUTABLE_FOLDER_PATH)/MrHyakuninIsshu";
			};
			name = Debug;
		};
		16CB087B2FF55D6700DEE023 /* Release */ = {
			isa = XCBuildConfiguration;
			buildSettings = {
				BUNDLE_LOADER = "$(TEST_HOST)";
				CODE_SIGN_STYLE = Automatic;
				CURRENT_PROJECT_VERSION = 1;
				DEVELOPMENT_TEAM = 6HQ5DETMCS;
				GENERATE_INFOPLIST_FILE = YES;
				IPHONEOS_DEPLOYMENT_TARGET = 17.7;
				MARKETING_VERSION = 1.0;
				PRODUCT_BUNDLE_IDENTIFIER = com.3toshu.MrHyakuninIsshuTests;
				PRODUCT_NAME = "$(TARGET_NAME)";
				STRING_CATALOG_GENERATE_SYMBOLS = NO;
				SWIFT_APPROACHABLE_CONCURRENCY = YES;
				SWIFT_EMIT_LOC_STRINGS = NO;
				SWIFT_UPCOMING_FEATURE_MEMBER_IMPORT_VISIBILITY = YES;
				SWIFT_VERSION = 5.0;
				TARGETED_DEVICE_FAMILY = "1,2";
				TEST_HOST = "$(BUILT_PRODUCTS_DIR)/MrHyakuninIsshu.app/$(BUNDLE_EXECUTABLE_FOLDER_PATH)/MrHyakuninIsshu";
			};
			name = Release;
		};
		16CB087D2FF55D6700DEE023 /* Debug */ = {
			isa = XCBuildConfiguration;
			buildSettings = {
				CODE_SIGN_STYLE = Automatic;
				CURRENT_PROJECT_VERSION = 1;
				DEVELOPMENT_TEAM = 6HQ5DETMCS;
				GENERATE_INFOPLIST_FILE = YES;
				IPHONEOS_DEPLOYMENT_TARGET = 17.7;
				MARKETING_VERSION = 1.0;
				PRODUCT_BUNDLE_IDENTIFIER = com.3toshu.MrHyakuninIsshuUITests;
				PRODUCT_NAME = "$(TARGET_NAME)";
				STRING_CATALOG_GENERATE_SYMBOLS = NO;
				SWIFT_APPROACHABLE_CONCURRENCY = YES;
				SWIFT_EMIT_LOC_STRINGS = NO;
				SWIFT_UPCOMING_FEATURE_MEMBER_IMPORT_VISIBILITY = YES;
				SWIFT_VERSION = 5.0;
				TARGETED_DEVICE_FAMILY = "1,2";
				TEST_TARGET_NAME = MrHyakuninIsshu;
			};
			name = Debug;
		};
		16CB087E2FF55D6700DEE023 /* Release */ = {
			isa = XCBuildConfiguration;
			buildSettings = {
				CODE_SIGN_STYLE = Automatic;
				CURRENT_PROJECT_VERSION = 1;
				DEVELOPMENT_TEAM = 6HQ5DETMCS;
				GENERATE_INFOPLIST_FILE = YES;
				IPHONEOS_DEPLOYMENT_TARGET = 17.7;
				MARKETING_VERSION = 1.0;
				PRODUCT_BUNDLE_IDENTIFIER = com.3toshu.MrHyakuninIsshuUITests;
				PRODUCT_NAME = "$(TARGET_NAME)";
				STRING_CATALOG_GENERATE_SYMBOLS = NO;
				SWIFT_APPROACHABLE_CONCURRENCY = YES;
				SWIFT_EMIT_LOC_STRINGS = NO;
				SWIFT_UPCOMING_FEATURE_MEMBER_IMPORT_VISIBILITY = YES;
				SWIFT_VERSION = 5.0;
				TARGETED_DEVICE_FAMILY = "1,2";
				TEST_TARGET_NAME = MrHyakuninIsshu;
			};
			name = Release;
		};
/* End XCBuildConfiguration section */

/* Begin XCConfigurationList section */
		16CB084E2FF55D6500DEE023 /* Build configuration list for PBXProject "MrHyakuninIsshu" */ = {
			isa = XCConfigurationList;
			buildConfigurations = (
				16CB08742FF55D6700DEE023 /* Debug */,
				16CB08752FF55D6700DEE023 /* Release */,
			);
			defaultConfigurationIsVisible = 0;
			defaultConfigurationName = Release;
		};
		16CB08762FF55D6700DEE023 /* Build configuration list for PBXNativeTarget "MrHyakuninIsshu" */ = {
			isa = XCConfigurationList;
			buildConfigurations = (
				16CB08772FF55D6700DEE023 /* Debug */,
				16CB08782FF55D6700DEE023 /* Release */,
			);
			defaultConfigurationIsVisible = 0;
			defaultConfigurationName = Release;
		};
		16CB08792FF55D6700DEE023 /* Build configuration list for PBXNativeTarget "MrHyakuninIsshuTests" */ = {
			isa = XCConfigurationList;
			buildConfigurations = (
				16CB087A2FF55D6700DEE023 /* Debug */,
				16CB087B2FF55D6700DEE023 /* Release */,
			);
			defaultConfigurationIsVisible = 0;
			defaultConfigurationName = Release;
		};
		16CB087C2FF55D6700DEE023 /* Build configuration list for PBXNativeTarget "MrHyakuninIsshuUITests" */ = {
			isa = XCConfigurationList;
			buildConfigurations = (
				16CB087D2FF55D6700DEE023 /* Debug */,
				16CB087E2FF55D6700DEE023 /* Release */,
			);
			defaultConfigurationIsVisible = 0;
			defaultConfigurationName = Release;
		};
/* End XCConfigurationList section */
	};
	rootObject = 16CB084B2FF55D6500DEE023 /* Project object */;
}
